
Microsoft Visual Studio Solution File, Format Version 12.00
# Visual Studio Version 16
VisualStudioVersion = 16.0.29430.225
MinimumVisualStudioVersion = 10.0.40219.1
Project("{9A19103F-16F7-4668-BE54-9A1E7A4F7556}") = "ECommerce.Common", "ECommerce.Common\ECommerce.Common.csproj", "{3425A2BE-56F0-4EF5-9678-FB4982EF5562}"
EndProject
Project("{9A19103F-16F7-4668-BE54-9A1E7A4F7556}") = "ECommerce.Core", "ECommerce.Core\ECommerce.Core.csproj", "{325D479D-40BB-4145-A4DA-A9AFE9901940}"
EndProject
Project("{9A19103F-16F7-4668-BE54-9A1E7A4F7556}") = "ECommerce.Infrastructure", "ECommerce.Infrastructure\ECommerce.Infrastructure.csproj", "{D95243DB-B823-4A61-9DDF-E1CDB49D5D02}"
EndProject
Project("{9A19103F-16F7-4668-BE54-9A1E7A4F7556}") = "ECommerce.Api", "ECommerce.Api\ECommerce.Api.csproj", "{8F509EA5-AA18-4962-892A-2F9E90ADD145}"
EndProject
Global
	GlobalSection(SolutionConfigurationPlatforms) = preSolution
		Debug|Any CPU = Debug|Any CPU
		Release|Any CPU = Release|Any CPU
	EndGlobalSection
	GlobalSection(ProjectConfigurationPlatforms) = postSolution
		{3425A2BE-56F0-4EF5-9678-FB4982EF5562}.Debug|Any CPU.ActiveCfg = Debug|Any CPU
		{3425A2BE-56F0-4EF5-9678-FB4982EF5562}.Debug|Any CPU.Build.0 = Debug|Any CPU
		{3425A2BE-56F0-4EF5-9678-FB4982EF5562}.Release|Any CPU.ActiveCfg = Release|Any CPU
		{3425A2BE-56F0-4EF5-9678-FB4982EF5562}.Release|Any CPU.Build.0 = Release|Any CPU
		{325D479D-40BB-4145-A4DA-A9AFE9901940}.Debug|Any CPU.ActiveCfg = Debug|Any CPU
		{325D479D-40BB-4145-A4DA-A9AFE9901940}.Debug|Any CPU.Build.0 = Debug|Any CPU
		{325D479D-40BB-4145-A4DA-A9AFE9901940}.Release|Any CPU.ActiveCfg = Release|Any CPU
		{325D479D-40BB-4145-A4DA-A9AFE9901940}.Release|Any CPU.Build.0 = Release|Any CPU
		{D95243DB-B823-4A61-9DDF-E1CDB49D5D02}.Debug|Any CPU.ActiveCfg = Debug|Any CPU
		{D95243DB-B823-4A61-9DDF-E1CDB49D5D02}.Debug|Any CPU.Build.0 = Debug|Any CPU
		{D95243DB-B823-4A61-9DDF-E1CDB49D5D02}.Release|Any CPU.ActiveCfg = Release|Any CPU
		{D95243DB-B823-4A61-9DDF-E1CDB49D5D02}.Release|Any CPU.Build.0 = Release|Any CPU
		{8F509EA5-AA18-4962-892A-2F9E90ADD145}.Debug|Any CPU.ActiveCfg = Debug|Any CPU
		{8F509EA5-AA18-4962-892A-2F9E90ADD145}.Debug|Any CPU.Build.0 = Debug|Any CPU
		{8F509EA5-AA18-4962-892A-2F9E90ADD145}.Release|Any CPU.ActiveCfg = Release|Any CPU
		{8F509EA5-AA18-4962-892A-2F9E90ADD145}.Release|Any CPU.Build.0 = Release|Any CPU
	EndGlobalSection
	GlobalSection(SolutionProperties) = preSolution
		HideSolutionNode = FALSE
	EndGlobalSection
	GlobalSection(ExtensibilityGlobals) = postSolution
		SolutionGuid = {BE6FFB7D-4E2A-44D7-B96C-1B9D0DB33DAA}
	EndGlobalSection
EndGlobal
